
Microsoft Visual Studio Solution File, Format Version 12.00
# Visual Studio Version 17
VisualStudioVersion = 17.6.33815.320
MinimumVisualStudioVersion = 10.0.40219.1
Project("{FAE04EC0-301F-11D3-BF4B-00C04F79EFBC}") = "TTM3V2", "TTM3V2\TTM3V2.csproj", "{4CFF66B1-5902-4745-9E7C-E35C343F5ACE}"
EndProject
Global
	GlobalSection(SolutionConfigurationPlatforms) = preSolution
		Debug|Any CPU = Debug|Any CPU
		Release|Any CPU = Release|Any CPU
	EndGlobalSection
	GlobalSection(ProjectConfigurationPlatforms) = postSolution
		{4CFF66B1-5902-4745-9E7C-E35C343F5ACE}.Debug|Any CPU.ActiveCfg = Debug|Any CPU
		{4CFF66B1-5902-4745-9E7C-E35C343F5ACE}.Debug|Any CPU.Build.0 = Debug|Any CPU
		{4CFF66B1-5902-4745-9E7C-E35C343F5ACE}.Release|Any CPU.ActiveCfg = Release|Any CPU
		{4CFF66B1-5902-4745-9E7C-E35C343F5ACE}.Release|Any CPU.Build.0 = Release|Any CPU
	EndGlobalSection
	GlobalSection(SolutionProperties) = preSolution
		HideSolutionNode = FALSE
	EndGlobalSection
	GlobalSection(ExtensibilityGlobals) = postSolution
		SolutionGuid = {8B63B120-C4FC-46BD-ACC2-872D448A5A15}
	EndGlobalSection
EndGlobal
